#MicroXplorer Configuration settings - do not modify
Mcu.Family=STM32F1
NVIC.USART3_IRQn=true\:0\:0\:false\:false\:true\:true\:true
RCC.PLLSourceVirtual=RCC_PLLSOURCE_HSE
ProjectManager.MainLocation=Src
RCC.MCOFreq_Value=72000000
PA6.Mode=Full_Duplex_Master
ProjectManager.ProjectFileName=Telemetry.ioc
PA7.Mode=Full_Duplex_Master
FATFS._USE_LFN=1
PD1-OSC_OUT.Mode=HSE-External-Oscillator
ProjectManager.KeepUserCode=true
Mcu.UserName=STM32F103C8Tx
PA15.GPIOParameters=GPIO_Label
Mcu.PinsNb=17
SPI1.VirtualType=VM_MASTER
PB10.Mode=Asynchronous
ProjectManager.NoMain=false
SPI1.IPParameters=VirtualType,Mode,Direction,CalculateBaudRate,BaudRatePrescaler
RCC.PLLCLKFreq_Value=72000000
ProjectManager.functionlistsort=1-MX_GPIO_Init-GPIO-false-HAL-true,2-SystemClock_Config-RCC-false-HAL-false,3-MX_SPI1_Init-SPI1-false-HAL-true,4-MX_FATFS_Init-FATFS-false-HAL-false,5-MX_USART3_UART_Init-USART3-false-HAL-true
PA3.GPIOParameters=GPIO_Label
RCC.ADCFreqValue=36000000
ProjectManager.DefaultFWLocation=true
PD0-OSC_IN.Signal=RCC_OSC_IN
ProjectManager.DeletePrevious=true
RCC.APB1CLKDivider=RCC_HCLK_DIV2
PB10.Locked=true
PB11.Signal=USART3_RX
PA2.GPIOParameters=GPIO_Label
PinOutPanel.RotationAngle=-90
RCC.FamilyName=M
RCC.SYSCLKSource=RCC_SYSCLKSOURCE_PLLCLK
ProjectManager.StackSize=0x400
PD1-OSC_OUT.Locked=true
PD1-OSC_OUT.Signal=RCC_OSC_OUT
FATFS.IPParameters=_USE_LFN
PA13.Signal=SYS_JTMS-SWDIO
Mcu.IP4=SYS
RCC.FCLKCortexFreq_Value=72000000
Mcu.IP5=USART3
NVIC.SVCall_IRQn=true\:0\:0\:false\:false\:true\:false\:false
Mcu.IP2=RCC
Mcu.IP3=SPI1
PA15.GPIO_Label=SW3
Mcu.IP0=FATFS
PA15.Locked=true
Mcu.IP1=NVIC
Mcu.UserConstants=
PB11.Mode=Asynchronous
ProjectManager.TargetToolchain=Makefile
Mcu.ThirdPartyNb=0
SPI1.Direction=SPI_DIRECTION_2LINES
RCC.HCLKFreq_Value=72000000
Mcu.IPNb=6
ProjectManager.PreviousToolchain=
RCC.APB2TimFreq_Value=72000000
SPI1.CalculateBaudRate=281.25 KBits/s
Mcu.Pin6=PA5
Mcu.Pin7=PA6
ProjectManager.RegisterCallBack=
Mcu.Pin8=PA7
RCC.USBFreq_Value=72000000
Mcu.Pin9=PB2
PA1.Signal=GPIO_Output
RCC.AHBFreq_Value=72000000
Mcu.Pin0=PD0-OSC_IN
Mcu.Pin1=PD1-OSC_OUT
VP_FATFS_VS_Generic.Mode=User_defined
GPIO.groupedBy=Group By Peripherals
Mcu.Pin2=PA1
PD0-OSC_IN.Mode=HSE-External-Oscillator
PB10.Signal=USART3_TX
Mcu.Pin3=PA2
Mcu.Pin4=PA3
Mcu.Pin5=PA4
PA5.Signal=SPI1_SCK
ProjectManager.ProjectBuild=false
NVIC.UsageFault_IRQn=true\:0\:0\:false\:false\:true\:false\:false
NVIC.DebugMonitor_IRQn=true\:0\:0\:false\:false\:true\:false\:false
PB2.Signal=GPIO_Input
board=custom
PA4.Locked=true
NVIC.SysTick_IRQn=true\:0\:0\:false\:false\:true\:false\:true
ProjectManager.LastFirmware=true
RCC.PLLMUL=RCC_PLL_MUL9
RCC.VCOOutput2Freq_Value=8000000
ProjectManager.FirmwarePackage=STM32Cube FW_F1 V1.8.2
MxDb.Version=DB.6.0.0
RCC.APB2Freq_Value=72000000
PA1.GPIOParameters=GPIO_Label
ProjectManager.BackupPrevious=false
MxCube.Version=6.0.1
SPI1.Mode=SPI_MODE_MASTER
PA14.Mode=Serial_Wire
File.Version=6
PA1.GPIO_Label=LED3
VP_SYS_VS_Systick.Mode=SysTick
NVIC.NonMaskableInt_IRQn=true\:0\:0\:false\:false\:true\:false\:false
PA4.GPIOParameters=GPIO_Label
NVIC.PendSV_IRQn=true\:0\:0\:false\:false\:true\:false\:false
PA13.Mode=Serial_Wire
ProjectManager.FreePins=false
RCC.IPParameters=ADCFreqValue,AHBFreq_Value,APB1CLKDivider,APB1Freq_Value,APB1TimFreq_Value,APB2Freq_Value,APB2TimFreq_Value,FCLKCortexFreq_Value,FamilyName,HCLKFreq_Value,MCOFreq_Value,PLLCLKFreq_Value,PLLMCOFreq_Value,PLLMUL,PLLSourceVirtual,SYSCLKFreq_VALUE,SYSCLKSource,TimSysFreq_Value,USBFreq_Value,VCOOutput2Freq_Value
ProjectManager.AskForMigrate=true
Mcu.Name=STM32F103C(8-B)Tx
ProjectManager.HalAssertFull=false
PA2.Signal=GPIO_Output
ProjectManager.ProjectName=Telemetry
ProjectManager.UnderRoot=false
PB2.Locked=true
RCC.PLLMCOFreq_Value=36000000
ProjectManager.CoupleFile=false
PA4.Signal=GPIO_Output
RCC.SYSCLKFreq_VALUE=72000000
Mcu.Package=LQFP48
PA6.Signal=SPI1_MISO
RCC.TimSysFreq_Value=72000000
PA1.Locked=true
PA5.Locked=true
PA3.Locked=true
PA7.Locked=true
VP_FATFS_VS_Generic.Signal=FATFS_VS_Generic
NVIC.ForceEnableDMAVector=true
KeepUserPlacement=false
USART3.VirtualMode=VM_ASYNC
NVIC.MemoryManagement_IRQn=true\:0\:0\:false\:false\:true\:false\:false
PA13.Locked=true
PA14.Locked=true
ProjectManager.CompilerOptimize=6
ProjectManager.ToolChainLocation=
PA2.GPIO_Label=LED2
VP_SYS_VS_Systick.Signal=SYS_VS_Systick
USART3.IPParameters=VirtualMode
PA14.Signal=SYS_JTCK-SWCLK
PA15.Signal=GPIO_Input
ProjectManager.HeapSize=0x200
Mcu.Pin15=VP_FATFS_VS_Generic
NVIC.HardFault_IRQn=true\:0\:0\:false\:false\:true\:false\:false
Mcu.Pin16=VP_SYS_VS_Systick
Mcu.Pin13=PA14
Mcu.Pin14=PA15
ProjectManager.ComputerToolchain=false
NVIC.PriorityGroup=NVIC_PRIORITYGROUP_4
Mcu.Pin11=PB11
Mcu.Pin12=PA13
Mcu.Pin10=PB10
RCC.APB1TimFreq_Value=72000000
NVIC.BusFault_IRQn=true\:0\:0\:false\:false\:true\:false\:false
RCC.APB1Freq_Value=36000000
SPI1.BaudRatePrescaler=SPI_BAUDRATEPRESCALER_256
PA4.GPIO_Label=SPI1_CS
PD0-OSC_IN.Locked=true
ProjectManager.CustomerFirmwarePackage=
PB11.Locked=true
ProjectManager.DeviceId=STM32F103C8Tx
ProjectManager.LibraryCopy=1
PA3.GPIO_Label=LED1
PA3.Signal=GPIO_Output
PA7.Signal=SPI1_MOSI
PA5.Mode=Full_Duplex_Master
PA6.Locked=true
PA2.Locked=true
